<?xml version="1.0" encoding="utf-8"?>
<Project ToolsVersion="4.0" xmlns="http://schemas.microsoft.com/developer/msbuild/2003">
  <ItemGroup>
    <Filter Include="MasterStation">
      <UniqueIdentifier>{7233f905-402d-4e2f-b45b-62d05858dbb1}</UniqueIdentifier>
    </Filter>
    <Filter Include="Events">
      <UniqueIdentifier>{c7fad96b-f5ca-4b3d-9cf1-bf95bc6b59ab}</UniqueIdentifier>
    </Filter>
    <Filter Include="Rovers">
      <UniqueIdentifier>{1997b1af-6639-4d21-9d1e-3590f9e753b7}</UniqueIdentifier>
    </Filter>
    <Filter Include="Missions">
      <UniqueIdentifier>{24ba450b-b0f8-4a7b-8751-7fd3b81976ee}</UniqueIdentifier>
    </Filter>
    <Filter Include="Data Structures">
      <UniqueIdentifier>{e262ea2a-21c2-4dd5-b207-828519bb6046}</UniqueIdentifier>
    </Filter>
    <Filter Include="Main">
      <UniqueIdentifier>{4FC737F1-C7A5-4376-A066-2A32D752A2FF}</UniqueIdentifier>
      <Extensions>cpp;c;cc;cxx;c++;cppm;ixx;def;odl;idl;hpj;bat;asm;asmx</Extensions>
    </Filter>
    <Filter Include="UI">
      <UniqueIdentifier>{153efd78-1dc2-46b1-a927-076d23e973f1}</UniqueIdentifier>
    </Filter>
  </ItemGroup>
  <ItemGroup>
    <ClCompile Include="Missions\Mission.cpp">
      <Filter>Missions</Filter>
    </ClCompile>
    <ClCompile Include="Rovers\Rover.cpp">
      <Filter>Rovers</Filter>
    </ClCompile>
    <ClCompile Include="Missions\E_Mission.cpp">
      <Filter>Missions</Filter>
    </ClCompile>
    <ClCompile Include="Missions\P_Mission.cpp">
      <Filter>Missions</Filter>
    </ClCompile>
    <ClCompile Include="Rovers\E_Rover.cpp">
      <Filter>Rovers</Filter>
    </ClCompile>
    <ClCompile Include="Rovers\P_Rover.cpp">
      <Filter>Rovers</Filter>
    </ClCompile>
    <ClCompile Include="MasterStation.cpp">
      <Filter>MasterStation</Filter>
    </ClCompile>
    <ClCompile Include="main.cpp">
      <Filter>Main</Filter>
    </ClCompile>
    <ClCompile Include="UI.cpp">
      <Filter>UI</Filter>
    </ClCompile>
    <ClCompile Include="Events\Event.cpp">
      <Filter>Events</Filter>
    </ClCompile>
    <ClCompile Include="Events\Formulation Event.cpp">
      <Filter>Events</Filter>
    </ClCompile>
  </ItemGroup>
  <ItemGroup>
    <ClInclude Include="Events\Event.h">
      <Filter>Events</Filter>
    </ClInclude>
    <ClInclude Include="Missions\Mission.h">
      <Filter>Missions</Filter>
    </ClInclude>
    <ClInclude Include="Rovers\Rover.h">
      <Filter>Rovers</Filter>
    </ClInclude>
    <ClInclude Include="Missions\E_Mission.h">
      <Filter>Missions</Filter>
    </ClInclude>
    <ClInclude Include="Missions\P_Mission.h">
      <Filter>Missions</Filter>
    </ClInclude>
    <ClInclude Include="Rovers\E_Rover.h">
      <Filter>Rovers</Filter>
    </ClInclude>
    <ClInclude Include="Rovers\P_Rover.h">
      <Filter>Rovers</Filter>
    </ClInclude>
    <ClInclude Include="Data Structures\PNode.h">
      <Filter>Data Structures</Filter>
    </ClInclude>
    <ClInclude Include="Data Structures\Priority_Queue.h">
      <Filter>Data Structures</Filter>
    </ClInclude>
    <ClInclude Include="Data Structures\Queue.h">
      <Filter>Data Structures</Filter>
    </ClInclude>
    <ClInclude Include="Events\Formulation Event.h">
      <Filter>Events</Filter>
    </ClInclude>
    <ClInclude Include="MasterStation.h">
      <Filter>MasterStation</Filter>
    </ClInclude>
    <ClInclude Include="UI.h">
      <Filter>UI</Filter>
    </ClInclude>
    <ClInclude Include="Data Structures\Node.h">
      <Filter>Data Structures</Filter>
    </ClInclude>
    <ClInclude Include="Data Structures\Data Structure Headers.h">
      <Filter>Data Structures</Filter>
    </ClInclude>
    <ClInclude Include="Events\Event Headers.h">
      <Filter>Events</Filter>
    </ClInclude>
    <ClInclude Include="Missions\Mission Headers.h">
      <Filter>Missions</Filter>
    </ClInclude>
    <ClInclude Include="Rovers\Rovers Headers.h">
      <Filter>Rovers</Filter>
    </ClInclude>
  </ItemGroup>
</Project>